// !$*UTF8*$!
{
	archiveVersion = 1;
	classes = {
	};
	objectVersion = 63;
	objects = {

/* Begin PBXBuildFile section */
		020BAE1A43EFFA9828E77880 /* AppContainer.swift in Sources */ = {isa = PBXBuildFile; fileRef = 48133AE331DFBB17D7DE2718 /* AppContainer.swift */; };
		06EAA3F4EE7B4EF7E659A294 /* LibrarySortSettingsView.swift in Sources */ = {isa = PBXBuildFile; fileRef = DF1AA7F27EA42A25BB363D57 /* LibrarySortSettingsView.swift */; };
		0FBC13B1BB2E408B2D403AD1 /* LoveNovelApp.swift in Sources */ = {isa = PBXBuildFile; fileRef = F02BD211964C995FF78E0BC9 /* LoveNovelApp.swift */; };
		2A5116985231BAF55A871064 /* CatalogProviding.swift in Sources */ = {isa = PBXBuildFile; fileRef = 1D1591A8A77AA35B1AF3C8CF /* CatalogProviding.swift */; };
		2A8161948D57510A5EB64B31 /* LibraryView.swift in Sources */ = {isa = PBXBuildFile; fileRef = EC7F40576E489859248CF416 /* LibraryView.swift */; };
		31FDC2D187794DFC6C26D07B /* ReaderViewModel.swift in Sources */ = {isa = PBXBuildFile; fileRef = 3F26819BE4F941A4D8AD1887 /* ReaderViewModel.swift */; };
		36191CCB0146AB71FB01A007 /* NovelDetailView.swift in Sources */ = {isa = PBXBuildFile; fileRef = FFA4FB7B70810F9DA221BE06 /* NovelDetailView.swift */; };
		37AA996A0574518DCA389BAE /* AppTheme.swift in Sources */ = {isa = PBXBuildFile; fileRef = 371DBC162060B6A9E5ED40EE /* AppTheme.swift */; };
		37E303698D416BB560547A73 /* SectionHeader.swift in Sources */ = {isa = PBXBuildFile; fileRef = B175B1FD2967EA9F962FD42D /* SectionHeader.swift */; };
		3C1C7CCCEDAC6C6E237238A6 /* Assets.xcassets in Resources */ = {isa = PBXBuildFile; fileRef = D82EB91B939D8D8FFAFEAFF8 /* Assets.xcassets */; };
		3F4D3873E7AE646FC890C3C1 /* BookDetailProviding.swift in Sources */ = {isa = PBXBuildFile; fileRef = 2A3B3203A9D8FA2945C97294 /* BookDetailProviding.swift */; };
		45A94CEF9C62394EAD6DACD9 /* CatalogRepository.swift in Sources */ = {isa = PBXBuildFile; fileRef = 054F4BE566902193B9F4C6A8 /* CatalogRepository.swift */; };
		527EA17EB9B308E7A67C707F /* ProfileView.swift in Sources */ = {isa = PBXBuildFile; fileRef = 2609EF32F28ABC5F09B3C2E4 /* ProfileView.swift */; };
		5C7CCF28916E3EFDA893566D /* Localizable.strings in Resources */ = {isa = PBXBuildFile; fileRef = 655F84E977E97E5B0EBC2E1C /* Localizable.strings */; };
		5D34F0127BC52A0818B7306E /* BookDetail.swift in Sources */ = {isa = PBXBuildFile; fileRef = C2AAB59AD645741915377498 /* BookDetail.swift */; };
		5F99A602AA2DEA2826469CE8 /* Book.swift in Sources */ = {isa = PBXBuildFile; fileRef = DE5DFDDBD37AB519776F3927 /* Book.swift */; };
		698AB201B3975C39DE5F01A3 /* BookDetailRepository.swift in Sources */ = {isa = PBXBuildFile; fileRef = C36DD1539FECCD882B93453D /* BookDetailRepository.swift */; };
		6C5C3E371FF5FCEC49BD6590 /* LibraryViewModelTests.swift in Sources */ = {isa = PBXBuildFile; fileRef = 788DE1B370D3D76CAFA1BFE7 /* LibraryViewModelTests.swift */; };
		6E8015AE6E7E7359F8D81725 /* AsyncGate.swift in Sources */ = {isa = PBXBuildFile; fileRef = 3E9E222CA34B9BC617DB670B /* AsyncGate.swift */; };
		6FE788FEC259937D770B51FA /* ExploreStoryModeSheet.swift in Sources */ = {isa = PBXBuildFile; fileRef = AB4407DBF59F7F517B824B35 /* ExploreStoryModeSheet.swift */; };
		6FF0F2B54D44614F707C764F /* mock_catalog.json in Resources */ = {isa = PBXBuildFile; fileRef = 1AEDDAC47E0A105891718066 /* mock_catalog.json */; };
		70B7876113AABD89904C19A7 /* NovelDetailViewModel.swift in Sources */ = {isa = PBXBuildFile; fileRef = 26001F3A4562F2992D1D73BD /* NovelDetailViewModel.swift */; };
		72EFB7303D28234631E0D439 /* RootTabView.swift in Sources */ = {isa = PBXBuildFile; fileRef = EF1B46587C222903D543D623 /* RootTabView.swift */; };
		7CEDBFEB92E35624ADC26C52 /* ExploreView.swift in Sources */ = {isa = PBXBuildFile; fileRef = B82889F8FEEDB4893E369AEE /* ExploreView.swift */; };
		7F48492B4EFABB151787B048 /* CatalogRepositoryTests.swift in Sources */ = {isa = PBXBuildFile; fileRef = 859F9A0E1DAD16CB544E92B6 /* CatalogRepositoryTests.swift */; };
		8214E77BA4B74BE1AA3876C2 /* NovelDetailUseCases.swift in Sources */ = {isa = PBXBuildFile; fileRef = AB0DCB727FA3F03D0B2FB439 /* NovelDetailUseCases.swift */; };
		84C3EA4867EC56BF8BCB6F3D /* FeaturedBookCard.swift in Sources */ = {isa = PBXBuildFile; fileRef = 1398B0379A8C38D8BAC919A1 /* FeaturedBookCard.swift */; };
		8E3469516B357C23EDFEB31E /* SettingsView.swift in Sources */ = {isa = PBXBuildFile; fileRef = 2A07E8392D39DD97F8D0A2F8 /* SettingsView.swift */; };
		9128CBF7E5042E69C132C1DA /* BookCoverStrip.swift in Sources */ = {isa = PBXBuildFile; fileRef = 66E176C3D3616892FA52DB4A /* BookCoverStrip.swift */; };
		9138FA538CDB7A95FE8F2CA0 /* LanguageSettingsView.swift in Sources */ = {isa = PBXBuildFile; fileRef = 177385935DFCB71AD4D9D982 /* LanguageSettingsView.swift */; };
		94D467E2A6B8CF4E5CC34E6B /* ExploreAllStoriesView.swift in Sources */ = {isa = PBXBuildFile; fileRef = DD499AD3374B668DE7C30032 /* ExploreAllStoriesView.swift */; };
		96809C00243DD506718CBE12 /* AppLocalization.swift in Sources */ = {isa = PBXBuildFile; fileRef = 9CDC8BB12E4500FB497266F3 /* AppLocalization.swift */; };
		9C32F75F14763B4F4E3C4B43 /* FilterButtonLabel.swift in Sources */ = {isa = PBXBuildFile; fileRef = 5DF3D06C7C1E639E08E6B02C /* FilterButtonLabel.swift */; };
		9FC6C13CB088FBA14A9DB09A /* ReaderViewModelTests.swift in Sources */ = {isa = PBXBuildFile; fileRef = 4C268016FC006002D0D1DAFB /* ReaderViewModelTests.swift */; };
		A2B38AE6A1A0EE6272E8AA2A /* UITestBootstrap.swift in Sources */ = {isa = PBXBuildFile; fileRef = E8E4B50C89DE98BF960742A5 /* UITestBootstrap.swift */; };
		A5308F3228D9FADD1519E60A /* BookDetailRepositoryTests.swift in Sources */ = {isa = PBXBuildFile; fileRef = 514382D7C531748B4CC40661 /* BookDetailRepositoryTests.swift */; };
		A87E7289FE158F93248C723F /* AppSettings.swift in Sources */ = {isa = PBXBuildFile; fileRef = EC5FBC5073E43128C78B3EE6 /* AppSettings.swift */; };
		A9A916B416C07864B496FEDD /* ExploreSearchView.swift in Sources */ = {isa = PBXBuildFile; fileRef = 414D3533CC896D899B0AA11A /* ExploreSearchView.swift */; };
		AA8773E1F244AE96291F3985 /* ExploreUseCases.swift in Sources */ = {isa = PBXBuildFile; fileRef = 7E3B57E63A34AEA81F46AA64 /* ExploreUseCases.swift */; };
		AAA022A1D94AD14218A579C4 /* LeftEdgeSwipeUpBackModifier.swift in Sources */ = {isa = PBXBuildFile; fileRef = 35140A57C951EA7C2CC6DB7B /* LeftEdgeSwipeUpBackModifier.swift */; };
		B070E087AE0A669F3BDFB212 /* Preview Assets.xcassets in Resources */ = {isa = PBXBuildFile; fileRef = 49FC3C70AF7169E7204B8C40 /* Preview Assets.xcassets */; };
		BF43C1757F206C63D9942EAC /* NovelDetailNavigationUITests.swift in Sources */ = {isa = PBXBuildFile; fileRef = A09BD40DFE42E27924BF7319 /* NovelDetailNavigationUITests.swift */; };
		C3D7352C4B17A6FA0C3A4AB0 /* TabNavigationUITests.swift in Sources */ = {isa = PBXBuildFile; fileRef = 8AA5EA658585C55972D674CF /* TabNavigationUITests.swift */; };
		C5E6D2736B8600FC8B86C103 /* TestTags.swift in Sources */ = {isa = PBXBuildFile; fileRef = 7637F62E2151BD42AE6E6142 /* TestTags.swift */; };
		DF813E103F3B15CBC4191B72 /* ExploreViewModel.swift in Sources */ = {isa = PBXBuildFile; fileRef = D726A0A328B6D35B2F2DB877 /* ExploreViewModel.swift */; };
		E00EB3FB22C3E88FA9BED3B2 /* ExploreViewModelTests.swift in Sources */ = {isa = PBXBuildFile; fileRef = B2118C897BCDCB2D00C78782 /* ExploreViewModelTests.swift */; };
		E0773FE15ED511BE91A26187 /* LibraryCollectionStoreTests.swift in Sources */ = {isa = PBXBuildFile; fileRef = AB2F755544DDCF63E9AD41B6 /* LibraryCollectionStoreTests.swift */; };
		E0A89153D01C02EB0E606FC6 /* LibraryViewModel.swift in Sources */ = {isa = PBXBuildFile; fileRef = A65E5219A22536B2205F7D6A /* LibraryViewModel.swift */; };
		E3E1E6828E87258555708E08 /* HomeFeed.swift in Sources */ = {isa = PBXBuildFile; fileRef = C6EB9607B320CBF1096A1027 /* HomeFeed.swift */; };
		E4A9881EEE81F73B050C5F0C /* mock_book_details.json in Resources */ = {isa = PBXBuildFile; fileRef = E39489FFA86B304942A6A132 /* mock_book_details.json */; };
		E4EFFF4AD03BCAB21755CCE3 /* AppSettingsTests.swift in Sources */ = {isa = PBXBuildFile; fileRef = 7BC19518714D51F635922AC6 /* AppSettingsTests.swift */; };
		E5BF4763B2E57251F0B7E586 /* NovelDetailViewModelTests.swift in Sources */ = {isa = PBXBuildFile; fileRef = F598B969AE3BF9447EF7DBDF /* NovelDetailViewModelTests.swift */; };
		ED483E4223DC92205D7733B0 /* LibraryCollectionStore.swift in Sources */ = {isa = PBXBuildFile; fileRef = A4CDAAC860D0984FEFEC5339 /* LibraryCollectionStore.swift */; };
		F0F17D454D04DD668E3FF4A5 /* DarkModeSettingsView.swift in Sources */ = {isa = PBXBuildFile; fileRef = 9E4057948248F122C71D708D /* DarkModeSettingsView.swift */; };
		F8C02FE1670EF6DAD05B93E2 /* ReaderView.swift in Sources */ = {isa = PBXBuildFile; fileRef = 2A3279DC7F079198E36F6251 /* ReaderView.swift */; };
		FB93F0AEB32179F3A58C5205 /* UITestLaunchConfiguration.swift in Sources */ = {isa = PBXBuildFile; fileRef = 30AEC537F6D73631100F381A /* UITestLaunchConfiguration.swift */; };
/* End PBXBuildFile section */

/* Begin PBXContainerItemProxy section */
		180BBD3D67C7CC5125B8D31B /* PBXContainerItemProxy */ = {
			isa = PBXContainerItemProxy;
			containerPortal = 6080AA3623CA21A93C9FBFF4 /* Project object */;
			proxyType = 1;
			remoteGlobalIDString = 0E5DC55C901AA1D8F939DF9A;
			remoteInfo = LoveNovel;
		};
		65EB296A445C0BCF89C77CC5 /* PBXContainerItemProxy */ = {
			isa = PBXContainerItemProxy;
			containerPortal = 6080AA3623CA21A93C9FBFF4 /* Project object */;
			proxyType = 1;
			remoteGlobalIDString = 0E5DC55C901AA1D8F939DF9A;
			remoteInfo = LoveNovel;
		};
/* End PBXContainerItemProxy section */

/* Begin PBXFileReference section */
		054F4BE566902193B9F4C6A8 /* CatalogRepository.swift */ = {isa = PBXFileReference; lastKnownFileType = sourcecode.swift; path = CatalogRepository.swift; sourceTree = "<group>"; };
		1398B0379A8C38D8BAC919A1 /* FeaturedBookCard.swift */ = {isa = PBXFileReference; lastKnownFileType = sourcecode.swift; path = FeaturedBookCard.swift; sourceTree = "<group>"; };
		177385935DFCB71AD4D9D982 /* LanguageSettingsView.swift */ = {isa = PBXFileReference; lastKnownFileType = sourcecode.swift; path = LanguageSettingsView.swift; sourceTree = "<group>"; };
		1AEDDAC47E0A105891718066 /* mock_catalog.json */ = {isa = PBXFileReference; lastKnownFileType = text.json; path = mock_catalog.json; sourceTree = "<group>"; };
		1D1591A8A77AA35B1AF3C8CF /* CatalogProviding.swift */ = {isa = PBXFileReference; lastKnownFileType = sourcecode.swift; path = CatalogProviding.swift; sourceTree = "<group>"; };
		26001F3A4562F2992D1D73BD /* NovelDetailViewModel.swift */ = {isa = PBXFileReference; lastKnownFileType = sourcecode.swift; path = NovelDetailViewModel.swift; sourceTree = "<group>"; };
		2609EF32F28ABC5F09B3C2E4 /* ProfileView.swift */ = {isa = PBXFileReference; lastKnownFileType = sourcecode.swift; path = ProfileView.swift; sourceTree = "<group>"; };
		2A07E8392D39DD97F8D0A2F8 /* SettingsView.swift */ = {isa = PBXFileReference; lastKnownFileType = sourcecode.swift; path = SettingsView.swift; sourceTree = "<group>"; };
		2A3279DC7F079198E36F6251 /* ReaderView.swift */ = {isa = PBXFileReference; lastKnownFileType = sourcecode.swift; path = ReaderView.swift; sourceTree = "<group>"; };
		2A3B3203A9D8FA2945C97294 /* BookDetailProviding.swift */ = {isa = PBXFileReference; lastKnownFileType = sourcecode.swift; path = BookDetailProviding.swift; sourceTree = "<group>"; };
		30AEC537F6D73631100F381A /* UITestLaunchConfiguration.swift */ = {isa = PBXFileReference; lastKnownFileType = sourcecode.swift; path = UITestLaunchConfiguration.swift; sourceTree = "<group>"; };
		35140A57C951EA7C2CC6DB7B /* LeftEdgeSwipeUpBackModifier.swift */ = {isa = PBXFileReference; lastKnownFileType = sourcecode.swift; path = LeftEdgeSwipeUpBackModifier.swift; sourceTree = "<group>"; };
		371DBC162060B6A9E5ED40EE /* AppTheme.swift */ = {isa = PBXFileReference; lastKnownFileType = sourcecode.swift; path = AppTheme.swift; sourceTree = "<group>"; };
		3E9E222CA34B9BC617DB670B /* AsyncGate.swift */ = {isa = PBXFileReference; lastKnownFileType = sourcecode.swift; path = AsyncGate.swift; sourceTree = "<group>"; };
		3F26819BE4F941A4D8AD1887 /* ReaderViewModel.swift */ = {isa = PBXFileReference; lastKnownFileType = sourcecode.swift; path = ReaderViewModel.swift; sourceTree = "<group>"; };
		414D3533CC896D899B0AA11A /* ExploreSearchView.swift */ = {isa = PBXFileReference; lastKnownFileType = sourcecode.swift; path = ExploreSearchView.swift; sourceTree = "<group>"; };
		4738664FC7BB0770BF295434 /* Info.plist */ = {isa = PBXFileReference; lastKnownFileType = text.plist; path = Info.plist; sourceTree = "<group>"; };
		48133AE331DFBB17D7DE2718 /* AppContainer.swift */ = {isa = PBXFileReference; lastKnownFileType = sourcecode.swift; path = AppContainer.swift; sourceTree = "<group>"; };
		49FC3C70AF7169E7204B8C40 /* Preview Assets.xcassets */ = {isa = PBXFileReference; lastKnownFileType = folder.assetcatalog; path = "Preview Assets.xcassets"; sourceTree = "<group>"; };
		4C268016FC006002D0D1DAFB /* ReaderViewModelTests.swift */ = {isa = PBXFileReference; lastKnownFileType = sourcecode.swift; path = ReaderViewModelTests.swift; sourceTree = "<group>"; };
		514382D7C531748B4CC40661 /* BookDetailRepositoryTests.swift */ = {isa = PBXFileReference; lastKnownFileType = sourcecode.swift; path = BookDetailRepositoryTests.swift; sourceTree = "<group>"; };
		5DF3D06C7C1E639E08E6B02C /* FilterButtonLabel.swift */ = {isa = PBXFileReference; lastKnownFileType = sourcecode.swift; path = FilterButtonLabel.swift; sourceTree = "<group>"; };
		66E176C3D3616892FA52DB4A /* BookCoverStrip.swift */ = {isa = PBXFileReference; lastKnownFileType = sourcecode.swift; path = BookCoverStrip.swift; sourceTree = "<group>"; };
		6A42002DF1D3FDF8FBC1BAA3 /* Info.plist */ = {isa = PBXFileReference; lastKnownFileType = text.plist; path = Info.plist; sourceTree = "<group>"; };
		7637F62E2151BD42AE6E6142 /* TestTags.swift */ = {isa = PBXFileReference; lastKnownFileType = sourcecode.swift; path = TestTags.swift; sourceTree = "<group>"; };
		788DE1B370D3D76CAFA1BFE7 /* LibraryViewModelTests.swift */ = {isa = PBXFileReference; lastKnownFileType = sourcecode.swift; path = LibraryViewModelTests.swift; sourceTree = "<group>"; };
		7BC19518714D51F635922AC6 /* AppSettingsTests.swift */ = {isa = PBXFileReference; lastKnownFileType = sourcecode.swift; path = AppSettingsTests.swift; sourceTree = "<group>"; };
		7E3B57E63A34AEA81F46AA64 /* ExploreUseCases.swift */ = {isa = PBXFileReference; lastKnownFileType = sourcecode.swift; path = ExploreUseCases.swift; sourceTree = "<group>"; };
		859F9A0E1DAD16CB544E92B6 /* CatalogRepositoryTests.swift */ = {isa = PBXFileReference; lastKnownFileType = sourcecode.swift; path = CatalogRepositoryTests.swift; sourceTree = "<group>"; };
		8AA5EA658585C55972D674CF /* TabNavigationUITests.swift */ = {isa = PBXFileReference; lastKnownFileType = sourcecode.swift; path = TabNavigationUITests.swift; sourceTree = "<group>"; };
		9A1493BAA10508A92770B10F /* LoveNovel.app */ = {isa = PBXFileReference; explicitFileType = wrapper.application; includeInIndex = 0; path = LoveNovel.app; sourceTree = BUILT_PRODUCTS_DIR; };
		9CDC8BB12E4500FB497266F3 /* AppLocalization.swift */ = {isa = PBXFileReference; lastKnownFileType = sourcecode.swift; path = AppLocalization.swift; sourceTree = "<group>"; };
		9E4057948248F122C71D708D /* DarkModeSettingsView.swift */ = {isa = PBXFileReference; lastKnownFileType = sourcecode.swift; path = DarkModeSettingsView.swift; sourceTree = "<group>"; };
		A09BD40DFE42E27924BF7319 /* NovelDetailNavigationUITests.swift */ = {isa = PBXFileReference; lastKnownFileType = sourcecode.swift; path = NovelDetailNavigationUITests.swift; sourceTree = "<group>"; };
		A4CDAAC860D0984FEFEC5339 /* LibraryCollectionStore.swift */ = {isa = PBXFileReference; lastKnownFileType = sourcecode.swift; path = LibraryCollectionStore.swift; sourceTree = "<group>"; };
		A65E5219A22536B2205F7D6A /* LibraryViewModel.swift */ = {isa = PBXFileReference; lastKnownFileType = sourcecode.swift; path = LibraryViewModel.swift; sourceTree = "<group>"; };
		AB0DCB727FA3F03D0B2FB439 /* NovelDetailUseCases.swift */ = {isa = PBXFileReference; lastKnownFileType = sourcecode.swift; path = NovelDetailUseCases.swift; sourceTree = "<group>"; };
		AB2F755544DDCF63E9AD41B6 /* LibraryCollectionStoreTests.swift */ = {isa = PBXFileReference; lastKnownFileType = sourcecode.swift; path = LibraryCollectionStoreTests.swift; sourceTree = "<group>"; };
		AB4407DBF59F7F517B824B35 /* ExploreStoryModeSheet.swift */ = {isa = PBXFileReference; lastKnownFileType = sourcecode.swift; path = ExploreStoryModeSheet.swift; sourceTree = "<group>"; };
		B175B1FD2967EA9F962FD42D /* SectionHeader.swift */ = {isa = PBXFileReference; lastKnownFileType = sourcecode.swift; path = SectionHeader.swift; sourceTree = "<group>"; };
		B2118C897BCDCB2D00C78782 /* ExploreViewModelTests.swift */ = {isa = PBXFileReference; lastKnownFileType = sourcecode.swift; path = ExploreViewModelTests.swift; sourceTree = "<group>"; };
		B554896B2A1DC7F6E4E03182 /* LoveNovelTests.xctest */ = {isa = PBXFileReference; explicitFileType = wrapper.cfbundle; includeInIndex = 0; path = LoveNovelTests.xctest; sourceTree = BUILT_PRODUCTS_DIR; };
		B6E80A51070E41E8FC1307B4 /* LoveNovelUITests.xctest */ = {isa = PBXFileReference; explicitFileType = wrapper.cfbundle; includeInIndex = 0; path = LoveNovelUITests.xctest; sourceTree = BUILT_PRODUCTS_DIR; };
		B81D03FD194E6B27C151B99C /* en */ = {isa = PBXFileReference; lastKnownFileType = text.plist.strings; name = en; path = en.lproj/Localizable.strings; sourceTree = "<group>"; };
		B82889F8FEEDB4893E369AEE /* ExploreView.swift */ = {isa = PBXFileReference; lastKnownFileType = sourcecode.swift; path = ExploreView.swift; sourceTree = "<group>"; };
		C2AAB59AD645741915377498 /* BookDetail.swift */ = {isa = PBXFileReference; lastKnownFileType = sourcecode.swift; path = BookDetail.swift; sourceTree = "<group>"; };
		C36DD1539FECCD882B93453D /* BookDetailRepository.swift */ = {isa = PBXFileReference; lastKnownFileType = sourcecode.swift; path = BookDetailRepository.swift; sourceTree = "<group>"; };
		C6EB9607B320CBF1096A1027 /* HomeFeed.swift */ = {isa = PBXFileReference; lastKnownFileType = sourcecode.swift; path = HomeFeed.swift; sourceTree = "<group>"; };
		D726A0A328B6D35B2F2DB877 /* ExploreViewModel.swift */ = {isa = PBXFileReference; lastKnownFileType = sourcecode.swift; path = ExploreViewModel.swift; sourceTree = "<group>"; };
		D82EB91B939D8D8FFAFEAFF8 /* Assets.xcassets */ = {isa = PBXFileReference; lastKnownFileType = folder.assetcatalog; path = Assets.xcassets; sourceTree = "<group>"; };
		DD499AD3374B668DE7C30032 /* ExploreAllStoriesView.swift */ = {isa = PBXFileReference; lastKnownFileType = sourcecode.swift; path = ExploreAllStoriesView.swift; sourceTree = "<group>"; };
		DE5DFDDBD37AB519776F3927 /* Book.swift */ = {isa = PBXFileReference; lastKnownFileType = sourcecode.swift; path = Book.swift; sourceTree = "<group>"; };
		DF1AA7F27EA42A25BB363D57 /* LibrarySortSettingsView.swift */ = {isa = PBXFileReference; lastKnownFileType = sourcecode.swift; path = LibrarySortSettingsView.swift; sourceTree = "<group>"; };
		E39489FFA86B304942A6A132 /* mock_book_details.json */ = {isa = PBXFileReference; lastKnownFileType = text.json; path = mock_book_details.json; sourceTree = "<group>"; };
		E8E4B50C89DE98BF960742A5 /* UITestBootstrap.swift */ = {isa = PBXFileReference; lastKnownFileType = sourcecode.swift; path = UITestBootstrap.swift; sourceTree = "<group>"; };
		EBDDA3B8055E2E35A34405E3 /* vi */ = {isa = PBXFileReference; lastKnownFileType = text.plist.strings; name = vi; path = vi.lproj/Localizable.strings; sourceTree = "<group>"; };
		EC5FBC5073E43128C78B3EE6 /* AppSettings.swift */ = {isa = PBXFileReference; lastKnownFileType = sourcecode.swift; path = AppSettings.swift; sourceTree = "<group>"; };
		EC7F40576E489859248CF416 /* LibraryView.swift */ = {isa = PBXFileReference; lastKnownFileType = sourcecode.swift; path = LibraryView.swift; sourceTree = "<group>"; };
		EF1B46587C222903D543D623 /* RootTabView.swift */ = {isa = PBXFileReference; lastKnownFileType = sourcecode.swift; path = RootTabView.swift; sourceTree = "<group>"; };
		F02BD211964C995FF78E0BC9 /* LoveNovelApp.swift */ = {isa = PBXFileReference; lastKnownFileType = sourcecode.swift; path = LoveNovelApp.swift; sourceTree = "<group>"; };
		F598B969AE3BF9447EF7DBDF /* NovelDetailViewModelTests.swift */ = {isa = PBXFileReference; lastKnownFileType = sourcecode.swift; path = NovelDetailViewModelTests.swift; sourceTree = "<group>"; };
		FFA4FB7B70810F9DA221BE06 /* NovelDetailView.swift */ = {isa = PBXFileReference; lastKnownFileType = sourcecode.swift; path = NovelDetailView.swift; sourceTree = "<group>"; };
/* End PBXFileReference section */

/* Begin PBXGroup section */
		01D10BF40FD997712CB41CB8 /* Core */ = {
			isa = PBXGroup;
			children = (
				BDCAF852D29CB15E23735B38 /* DI */,
			);
			path = Core;
			sourceTree = "<group>";
		};
		0638336654B70BC7BBF40A48 /* Reader */ = {
			isa = PBXGroup;
			children = (
				2A3279DC7F079198E36F6251 /* ReaderView.swift */,
				3F26819BE4F941A4D8AD1887 /* ReaderViewModel.swift */,
			);
			path = Reader;
			sourceTree = "<group>";
		};
		0BC1E95F6DE16713ADE56B04 /* Repositories */ = {
			isa = PBXGroup;
			children = (
				2A3B3203A9D8FA2945C97294 /* BookDetailProviding.swift */,
				1D1591A8A77AA35B1AF3C8CF /* CatalogProviding.swift */,
			);
			path = Repositories;
			sourceTree = "<group>";
		};
		0EFAD6AA2CA35010F77BA42F /* NovelDetail */ = {
			isa = PBXGroup;
			children = (
				FFA4FB7B70810F9DA221BE06 /* NovelDetailView.swift */,
				26001F3A4562F2992D1D73BD /* NovelDetailViewModel.swift */,
			);
			path = NovelDetail;
			sourceTree = "<group>";
		};
		149BD03015E8C9B496FA91F9 = {
			isa = PBXGroup;
			children = (
				CEECC5EEB5D80DBDFF69CD87 /* LoveNovel */,
				69453839160412D1216F9138 /* LoveNovelTests */,
				74EA49C0156D845D7DDFF774 /* LoveNovelUITests */,
				D8C68AF461BF70D23EBE50CD /* Products */,
			);
			sourceTree = "<group>";
		};
		1C60FA187F170015D735C1C3 /* Data */ = {
			isa = PBXGroup;
			children = (
				C36DD1539FECCD882B93453D /* BookDetailRepository.swift */,
				054F4BE566902193B9F4C6A8 /* CatalogRepository.swift */,
			);
			path = Data;
			sourceTree = "<group>";
		};
		2449AD86F519232B0A69D369 /* UseCases */ = {
			isa = PBXGroup;
			children = (
				97745BBC7DDD1A286A48E64D /* Explore */,
				566A95997B80A00B0B262847 /* NovelDetail */,
			);
			path = UseCases;
			sourceTree = "<group>";
		};
		409D87B5220C76F30E5CE1E4 /* Theme */ = {
			isa = PBXGroup;
			children = (
				371DBC162060B6A9E5ED40EE /* AppTheme.swift */,
			);
			path = Theme;
			sourceTree = "<group>";
		};
		42E8CB685DBE7255245B50DF /* Profile */ = {
			isa = PBXGroup;
			children = (
				9E4057948248F122C71D708D /* DarkModeSettingsView.swift */,
				177385935DFCB71AD4D9D982 /* LanguageSettingsView.swift */,
				2609EF32F28ABC5F09B3C2E4 /* ProfileView.swift */,
				2A07E8392D39DD97F8D0A2F8 /* SettingsView.swift */,
			);
			path = Profile;
			sourceTree = "<group>";
		};
		51C666CCD61D788D69AE4F67 /* Explore */ = {
			isa = PBXGroup;
			children = (
				DD499AD3374B668DE7C30032 /* ExploreAllStoriesView.swift */,
				414D3533CC896D899B0AA11A /* ExploreSearchView.swift */,
				B82889F8FEEDB4893E369AEE /* ExploreView.swift */,
				D726A0A328B6D35B2F2DB877 /* ExploreViewModel.swift */,
				75D107F3FAC45443154626FE /* Components */,
			);
			path = Explore;
			sourceTree = "<group>";
		};
		566A95997B80A00B0B262847 /* NovelDetail */ = {
			isa = PBXGroup;
			children = (
				AB0DCB727FA3F03D0B2FB439 /* NovelDetailUseCases.swift */,
			);
			path = NovelDetail;
			sourceTree = "<group>";
		};
		5B232F7D37F1FB584EE6C0AF /* Resources */ = {
			isa = PBXGroup;
			children = (
				E39489FFA86B304942A6A132 /* mock_book_details.json */,
				1AEDDAC47E0A105891718066 /* mock_catalog.json */,
			);
			path = Resources;
			sourceTree = "<group>";
		};
		69453839160412D1216F9138 /* LoveNovelTests */ = {
			isa = PBXGroup;
			children = (
				7BC19518714D51F635922AC6 /* AppSettingsTests.swift */,
				514382D7C531748B4CC40661 /* BookDetailRepositoryTests.swift */,
				859F9A0E1DAD16CB544E92B6 /* CatalogRepositoryTests.swift */,
				B2118C897BCDCB2D00C78782 /* ExploreViewModelTests.swift */,
				6A42002DF1D3FDF8FBC1BAA3 /* Info.plist */,
				AB2F755544DDCF63E9AD41B6 /* LibraryCollectionStoreTests.swift */,
				788DE1B370D3D76CAFA1BFE7 /* LibraryViewModelTests.swift */,
				F598B969AE3BF9447EF7DBDF /* NovelDetailViewModelTests.swift */,
				4C268016FC006002D0D1DAFB /* ReaderViewModelTests.swift */,
				8E7B5F672A5D6FAE6FFB06C5 /* TestingSupport */,
			);
			path = LoveNovelTests;
			sourceTree = "<group>";
		};
		6AF1D5B5E7CDE43C69EF3192 /* Features */ = {
			isa = PBXGroup;
			children = (
				51C666CCD61D788D69AE4F67 /* Explore */,
				94C9C72067445816D29BB21F /* Library */,
				0EFAD6AA2CA35010F77BA42F /* NovelDetail */,
				42E8CB685DBE7255245B50DF /* Profile */,
				0638336654B70BC7BBF40A48 /* Reader */,
			);
			path = Features;
			sourceTree = "<group>";
		};
		74EA49C0156D845D7DDFF774 /* LoveNovelUITests */ = {
			isa = PBXGroup;
			children = (
				4738664FC7BB0770BF295434 /* Info.plist */,
				A09BD40DFE42E27924BF7319 /* NovelDetailNavigationUITests.swift */,
				8AA5EA658585C55972D674CF /* TabNavigationUITests.swift */,
				30AEC537F6D73631100F381A /* UITestLaunchConfiguration.swift */,
			);
			path = LoveNovelUITests;
			sourceTree = "<group>";
		};
		75D107F3FAC45443154626FE /* Components */ = {
			isa = PBXGroup;
			children = (
				66E176C3D3616892FA52DB4A /* BookCoverStrip.swift */,
				AB4407DBF59F7F517B824B35 /* ExploreStoryModeSheet.swift */,
				1398B0379A8C38D8BAC919A1 /* FeaturedBookCard.swift */,
				5DF3D06C7C1E639E08E6B02C /* FilterButtonLabel.swift */,
				B175B1FD2967EA9F962FD42D /* SectionHeader.swift */,
			);
			path = Components;
			sourceTree = "<group>";
		};
		80569ADB46617239CB8C41A7 /* Presentation */ = {
			isa = PBXGroup;
			children = (
				6AF1D5B5E7CDE43C69EF3192 /* Features */,
			);
			path = Presentation;
			sourceTree = "<group>";
		};
		8709F5661A6188A8F9D1DF68 /* Entities */ = {
			isa = PBXGroup;
			children = (
				DE5DFDDBD37AB519776F3927 /* Book.swift */,
				C2AAB59AD645741915377498 /* BookDetail.swift */,
				C6EB9607B320CBF1096A1027 /* HomeFeed.swift */,
			);
			path = Entities;
			sourceTree = "<group>";
		};
		8E7B5F672A5D6FAE6FFB06C5 /* TestingSupport */ = {
			isa = PBXGroup;
			children = (
				3E9E222CA34B9BC617DB670B /* AsyncGate.swift */,
				7637F62E2151BD42AE6E6142 /* TestTags.swift */,
			);
			path = TestingSupport;
			sourceTree = "<group>";
		};
		94C9C72067445816D29BB21F /* Library */ = {
			isa = PBXGroup;
			children = (
				A4CDAAC860D0984FEFEC5339 /* LibraryCollectionStore.swift */,
				DF1AA7F27EA42A25BB363D57 /* LibrarySortSettingsView.swift */,
				EC7F40576E489859248CF416 /* LibraryView.swift */,
				A65E5219A22536B2205F7D6A /* LibraryViewModel.swift */,
			);
			path = Library;
			sourceTree = "<group>";
		};
		97745BBC7DDD1A286A48E64D /* Explore */ = {
			isa = PBXGroup;
			children = (
				7E3B57E63A34AEA81F46AA64 /* ExploreUseCases.swift */,
			);
			path = Explore;
			sourceTree = "<group>";
		};
		A74061CEDA76A20B369EC6CF /* Domain */ = {
			isa = PBXGroup;
			children = (
				8709F5661A6188A8F9D1DF68 /* Entities */,
				0BC1E95F6DE16713ADE56B04 /* Repositories */,
				2449AD86F519232B0A69D369 /* UseCases */,
			);
			path = Domain;
			sourceTree = "<group>";
		};
		BDCAF852D29CB15E23735B38 /* DI */ = {
			isa = PBXGroup;
			children = (
				48133AE331DFBB17D7DE2718 /* AppContainer.swift */,
			);
			path = DI;
			sourceTree = "<group>";
		};
		CC805351D717D5CD8B0B3DEB /* App */ = {
			isa = PBXGroup;
			children = (
				9CDC8BB12E4500FB497266F3 /* AppLocalization.swift */,
				EC5FBC5073E43128C78B3EE6 /* AppSettings.swift */,
				35140A57C951EA7C2CC6DB7B /* LeftEdgeSwipeUpBackModifier.swift */,
				EF1B46587C222903D543D623 /* RootTabView.swift */,
				E8E4B50C89DE98BF960742A5 /* UITestBootstrap.swift */,
			);
			path = App;
			sourceTree = "<group>";
		};
		CE071D60A86CDA3DD0C8B2DC /* Preview Content */ = {
			isa = PBXGroup;
			children = (
				49FC3C70AF7169E7204B8C40 /* Preview Assets.xcassets */,
			);
			path = "Preview Content";
			sourceTree = "<group>";
		};
		CEECC5EEB5D80DBDFF69CD87 /* LoveNovel */ = {
			isa = PBXGroup;
			children = (
				D82EB91B939D8D8FFAFEAFF8 /* Assets.xcassets */,
				655F84E977E97E5B0EBC2E1C /* Localizable.strings */,
				F02BD211964C995FF78E0BC9 /* LoveNovelApp.swift */,
				CC805351D717D5CD8B0B3DEB /* App */,
				01D10BF40FD997712CB41CB8 /* Core */,
				1C60FA187F170015D735C1C3 /* Data */,
				A74061CEDA76A20B369EC6CF /* Domain */,
				80569ADB46617239CB8C41A7 /* Presentation */,
				CE071D60A86CDA3DD0C8B2DC /* Preview Content */,
				5B232F7D37F1FB584EE6C0AF /* Resources */,
				409D87B5220C76F30E5CE1E4 /* Theme */,
			);
			path = LoveNovel;
			sourceTree = "<group>";
		};
		D8C68AF461BF70D23EBE50CD /* Products */ = {
			isa = PBXGroup;
			children = (
				9A1493BAA10508A92770B10F /* LoveNovel.app */,
				B554896B2A1DC7F6E4E03182 /* LoveNovelTests.xctest */,
				B6E80A51070E41E8FC1307B4 /* LoveNovelUITests.xctest */,
			);
			name = Products;
			sourceTree = "<group>";
		};
/* End PBXGroup section */

/* Begin PBXNativeTarget section */
		0E5DC55C901AA1D8F939DF9A /* LoveNovel */ = {
			isa = PBXNativeTarget;
			buildConfigurationList = 14FF6848CFC8DD76D4D95F30 /* Build configuration list for PBXNativeTarget "LoveNovel" */;
			buildPhases = (
				4D8FA035F148A54D416F354D /* Sources */,
				BCD6C0EAFC18F243F043EFF3 /* Resources */,
			);
			buildRules = (
			);
			dependencies = (
			);
			name = LoveNovel;
			packageProductDependencies = (
			);
			productName = LoveNovel;
			productReference = 9A1493BAA10508A92770B10F /* LoveNovel.app */;
			productType = "com.apple.product-type.application";
		};
		3482849258C536B3999A3346 /* LoveNovelUITests */ = {
			isa = PBXNativeTarget;
			buildConfigurationList = E1F3A91761BAB18AAAE0A6ED /* Build configuration list for PBXNativeTarget "LoveNovelUITests" */;
			buildPhases = (
				8457D60E425A8AACA239A799 /* Sources */,
			);
			buildRules = (
			);
			dependencies = (
				9238EC55422B3F44F5441C12 /* PBXTargetDependency */,
			);
			name = LoveNovelUITests;
			packageProductDependencies = (
			);
			productName = LoveNovelUITests;
			productReference = B6E80A51070E41E8FC1307B4 /* LoveNovelUITests.xctest */;
			productType = "com.apple.product-type.bundle.ui-testing";
		};
		7837168D574D6D2DA396547E /* LoveNovelTests */ = {
			isa = PBXNativeTarget;
			buildConfigurationList = C1F2EB9CC97E926F3AE8D9A3 /* Build configuration list for PBXNativeTarget "LoveNovelTests" */;
			buildPhases = (
				1986EED26583AD157349A2A0 /* Sources */,
			);
			buildRules = (
			);
			dependencies = (
				22E053F35E65FE3321CF04E5 /* PBXTargetDependency */,
			);
			name = LoveNovelTests;
			packageProductDependencies = (
			);
			productName = LoveNovelTests;
			productReference = B554896B2A1DC7F6E4E03182 /* LoveNovelTests.xctest */;
			productType = "com.apple.product-type.bundle.unit-test";
		};
/* End PBXNativeTarget section */

/* Begin PBXProject section */
		6080AA3623CA21A93C9FBFF4 /* Project object */ = {
			isa = PBXProject;
			attributes = {
				BuildIndependentTargetsInParallel = YES;
				LastUpgradeCheck = 2630;
				TargetAttributes = {
					3482849258C536B3999A3346 = {
						TestTargetID = 0E5DC55C901AA1D8F939DF9A;
					};
				};
			};
			buildConfigurationList = 92C8F5EA18BA2200B911CA69 /* Build configuration list for PBXProject "LoveNovel" */;
			compatibilityVersion = "Xcode 14.0";
			developmentRegion = en;
			hasScannedForEncodings = 0;
			knownRegions = (
				Base,
				en,
				vi,
			);
			mainGroup = 149BD03015E8C9B496FA91F9;
			minimizedProjectReferenceProxies = 1;
			projectDirPath = "";
			projectRoot = "";
			targets = (
				0E5DC55C901AA1D8F939DF9A /* LoveNovel */,
				7837168D574D6D2DA396547E /* LoveNovelTests */,
				3482849258C536B3999A3346 /* LoveNovelUITests */,
			);
		};
/* End PBXProject section */

/* Begin PBXResourcesBuildPhase section */
		BCD6C0EAFC18F243F043EFF3 /* Resources */ = {
			isa = PBXResourcesBuildPhase;
			buildActionMask = 2147483647;
			files = (
				3C1C7CCCEDAC6C6E237238A6 /* Assets.xcassets in Resources */,
				5C7CCF28916E3EFDA893566D /* Localizable.strings in Resources */,
				B070E087AE0A669F3BDFB212 /* Preview Assets.xcassets in Resources */,
				E4A9881EEE81F73B050C5F0C /* mock_book_details.json in Resources */,
				6FF0F2B54D44614F707C764F /* mock_catalog.json in Resources */,
			);
			runOnlyForDeploymentPostprocessing = 0;
		};
/* End PBXResourcesBuildPhase section */

/* Begin PBXSourcesBuildPhase section */
		1986EED26583AD157349A2A0 /* Sources */ = {
			isa = PBXSourcesBuildPhase;
			buildActionMask = 2147483647;
			files = (
				E4EFFF4AD03BCAB21755CCE3 /* AppSettingsTests.swift in Sources */,
				6E8015AE6E7E7359F8D81725 /* AsyncGate.swift in Sources */,
				A5308F3228D9FADD1519E60A /* BookDetailRepositoryTests.swift in Sources */,
				7F48492B4EFABB151787B048 /* CatalogRepositoryTests.swift in Sources */,
				E00EB3FB22C3E88FA9BED3B2 /* ExploreViewModelTests.swift in Sources */,
				E0773FE15ED511BE91A26187 /* LibraryCollectionStoreTests.swift in Sources */,
				6C5C3E371FF5FCEC49BD6590 /* LibraryViewModelTests.swift in Sources */,
				E5BF4763B2E57251F0B7E586 /* NovelDetailViewModelTests.swift in Sources */,
				9FC6C13CB088FBA14A9DB09A /* ReaderViewModelTests.swift in Sources */,
				C5E6D2736B8600FC8B86C103 /* TestTags.swift in Sources */,
			);
			runOnlyForDeploymentPostprocessing = 0;
		};
		4D8FA035F148A54D416F354D /* Sources */ = {
			isa = PBXSourcesBuildPhase;
			buildActionMask = 2147483647;
			files = (
				020BAE1A43EFFA9828E77880 /* AppContainer.swift in Sources */,
				96809C00243DD506718CBE12 /* AppLocalization.swift in Sources */,
				A87E7289FE158F93248C723F /* AppSettings.swift in Sources */,
				37AA996A0574518DCA389BAE /* AppTheme.swift in Sources */,
				5F99A602AA2DEA2826469CE8 /* Book.swift in Sources */,
				9128CBF7E5042E69C132C1DA /* BookCoverStrip.swift in Sources */,
				5D34F0127BC52A0818B7306E /* BookDetail.swift in Sources */,
				3F4D3873E7AE646FC890C3C1 /* BookDetailProviding.swift in Sources */,
				698AB201B3975C39DE5F01A3 /* BookDetailRepository.swift in Sources */,
				2A5116985231BAF55A871064 /* CatalogProviding.swift in Sources */,
				45A94CEF9C62394EAD6DACD9 /* CatalogRepository.swift in Sources */,
				F0F17D454D04DD668E3FF4A5 /* DarkModeSettingsView.swift in Sources */,
				94D467E2A6B8CF4E5CC34E6B /* ExploreAllStoriesView.swift in Sources */,
				A9A916B416C07864B496FEDD /* ExploreSearchView.swift in Sources */,
				6FE788FEC259937D770B51FA /* ExploreStoryModeSheet.swift in Sources */,
				AA8773E1F244AE96291F3985 /* ExploreUseCases.swift in Sources */,
				7CEDBFEB92E35624ADC26C52 /* ExploreView.swift in Sources */,
				DF813E103F3B15CBC4191B72 /* ExploreViewModel.swift in Sources */,
				84C3EA4867EC56BF8BCB6F3D /* FeaturedBookCard.swift in Sources */,
				9C32F75F14763B4F4E3C4B43 /* FilterButtonLabel.swift in Sources */,
				E3E1E6828E87258555708E08 /* HomeFeed.swift in Sources */,
				9138FA538CDB7A95FE8F2CA0 /* LanguageSettingsView.swift in Sources */,
				AAA022A1D94AD14218A579C4 /* LeftEdgeSwipeUpBackModifier.swift in Sources */,
				ED483E4223DC92205D7733B0 /* LibraryCollectionStore.swift in Sources */,
				06EAA3F4EE7B4EF7E659A294 /* LibrarySortSettingsView.swift in Sources */,
				2A8161948D57510A5EB64B31 /* LibraryView.swift in Sources */,
				E0A89153D01C02EB0E606FC6 /* LibraryViewModel.swift in Sources */,
				0FBC13B1BB2E408B2D403AD1 /* LoveNovelApp.swift in Sources */,
				8214E77BA4B74BE1AA3876C2 /* NovelDetailUseCases.swift in Sources */,
				36191CCB0146AB71FB01A007 /* NovelDetailView.swift in Sources */,
				70B7876113AABD89904C19A7 /* NovelDetailViewModel.swift in Sources */,
				527EA17EB9B308E7A67C707F /* ProfileView.swift in Sources */,
				F8C02FE1670EF6DAD05B93E2 /* ReaderView.swift in Sources */,
				31FDC2D187794DFC6C26D07B /* ReaderViewModel.swift in Sources */,
				72EFB7303D28234631E0D439 /* RootTabView.swift in Sources */,
				37E303698D416BB560547A73 /* SectionHeader.swift in Sources */,
				8E3469516B357C23EDFEB31E /* SettingsView.swift in Sources */,
				A2B38AE6A1A0EE6272E8AA2A /* UITestBootstrap.swift in Sources */,
			);
			runOnlyForDeploymentPostprocessing = 0;
		};
		8457D60E425A8AACA239A799 /* Sources */ = {
			isa = PBXSourcesBuildPhase;
			buildActionMask = 2147483647;
			files = (
				BF43C1757F206C63D9942EAC /* NovelDetailNavigationUITests.swift in Sources */,
				C3D7352C4B17A6FA0C3A4AB0 /* TabNavigationUITests.swift in Sources */,
				FB93F0AEB32179F3A58C5205 /* UITestLaunchConfiguration.swift in Sources */,
			);
			runOnlyForDeploymentPostprocessing = 0;
		};
/* End PBXSourcesBuildPhase section */

/* Begin PBXTargetDependency section */
		22E053F35E65FE3321CF04E5 /* PBXTargetDependency */ = {
			isa = PBXTargetDependency;
			target = 0E5DC55C901AA1D8F939DF9A /* LoveNovel */;
			targetProxy = 65EB296A445C0BCF89C77CC5 /* PBXContainerItemProxy */;
		};
		9238EC55422B3F44F5441C12 /* PBXTargetDependency */ = {
			isa = PBXTargetDependency;
			target = 0E5DC55C901AA1D8F939DF9A /* LoveNovel */;
			targetProxy = 180BBD3D67C7CC5125B8D31B /* PBXContainerItemProxy */;
		};
/* End PBXTargetDependency section */

/* Begin PBXVariantGroup section */
		655F84E977E97E5B0EBC2E1C /* Localizable.strings */ = {
			isa = PBXVariantGroup;
			children = (
				B81D03FD194E6B27C151B99C /* en */,
				EBDDA3B8055E2E35A34405E3 /* vi */,
			);
			name = Localizable.strings;
			sourceTree = "<group>";
		};
/* End PBXVariantGroup section */

/* Begin XCBuildConfiguration section */
		178C7C9E8C26A05A5086A735 /* Release */ = {
			isa = XCBuildConfiguration;
			buildSettings = {
				ASSETCATALOG_COMPILER_APPICON_NAME = AppIcon;
				CODE_SIGN_IDENTITY = "iPhone Developer";
				CURRENT_PROJECT_VERSION = 1;
				DEVELOPMENT_ASSET_PATHS = "\"LoveNovel/Preview Content\"";
				GENERATE_INFOPLIST_FILE = NO;
				INFOPLIST_FILE = LoveNovel/Info.plist;
				IPHONEOS_DEPLOYMENT_TARGET = 26.0;
				LD_RUNPATH_SEARCH_PATHS = (
					"$(inherited)",
					"@executable_path/Frameworks",
				);
				MARKETING_VERSION = 1.0;
				PRODUCT_BUNDLE_IDENTIFIER = com.reinamaccredy.lovenovel;
				SDKROOT = iphoneos;
				TARGETED_DEVICE_FAMILY = "1,2";
			};
			name = Release;
		};
		6001EB39AAA1D57D6887FB95 /* Release */ = {
			isa = XCBuildConfiguration;
			buildSettings = {
				BUNDLE_LOADER = "$(TEST_HOST)";
				GENERATE_INFOPLIST_FILE = NO;
				INFOPLIST_FILE = LoveNovelTests/Info.plist;
				IPHONEOS_DEPLOYMENT_TARGET = 26.0;
				LD_RUNPATH_SEARCH_PATHS = (
					"$(inherited)",
					"@executable_path/Frameworks",
					"@loader_path/Frameworks",
				);
				PRODUCT_BUNDLE_IDENTIFIER = com.reinamaccredy.lovenovel.tests;
				SDKROOT = iphoneos;
				TARGETED_DEVICE_FAMILY = "1,2";
				TEST_HOST = "$(BUILT_PRODUCTS_DIR)/LoveNovel.app/LoveNovel";
			};
			name = Release;
		};
		6938B01B0DDDA7C30DA96C8B /* Release */ = {
			isa = XCBuildConfiguration;
			buildSettings = {
				BUNDLE_LOADER = "$(TEST_HOST)";
				GENERATE_INFOPLIST_FILE = NO;
				INFOPLIST_FILE = LoveNovelUITests/Info.plist;
				IPHONEOS_DEPLOYMENT_TARGET = 26.0;
				LD_RUNPATH_SEARCH_PATHS = (
					"$(inherited)",
					"@executable_path/Frameworks",
					"@loader_path/Frameworks",
				);
				PRODUCT_BUNDLE_IDENTIFIER = com.reinamaccredy.lovenovel.uitests;
				SDKROOT = iphoneos;
				TARGETED_DEVICE_FAMILY = "1,2";
				TEST_TARGET_NAME = LoveNovel;
			};
			name = Release;
		};
		7FDD5A9DF80C94F9A31E3A05 /* Debug */ = {
			isa = XCBuildConfiguration;
			buildSettings = {
				BUNDLE_LOADER = "$(TEST_HOST)";
				GENERATE_INFOPLIST_FILE = NO;
				INFOPLIST_FILE = LoveNovelTests/Info.plist;
				IPHONEOS_DEPLOYMENT_TARGET = 26.0;
				LD_RUNPATH_SEARCH_PATHS = (
					"$(inherited)",
					"@executable_path/Frameworks",
					"@loader_path/Frameworks",
				);
				PRODUCT_BUNDLE_IDENTIFIER = com.reinamaccredy.lovenovel.tests;
				SDKROOT = iphoneos;
				TARGETED_DEVICE_FAMILY = "1,2";
				TEST_HOST = "$(BUILT_PRODUCTS_DIR)/LoveNovel.app/LoveNovel";
			};
			name = Debug;
		};
		B1765F3E19A820B0A0453090 /* Debug */ = {
			isa = XCBuildConfiguration;
			buildSettings = {
				ASSETCATALOG_COMPILER_APPICON_NAME = AppIcon;
				CODE_SIGN_IDENTITY = "iPhone Developer";
				CURRENT_PROJECT_VERSION = 1;
				DEVELOPMENT_ASSET_PATHS = "\"LoveNovel/Preview Content\"";
				GENERATE_INFOPLIST_FILE = NO;
				INFOPLIST_FILE = LoveNovel/Info.plist;
				IPHONEOS_DEPLOYMENT_TARGET = 26.0;
				LD_RUNPATH_SEARCH_PATHS = (
					"$(inherited)",
					"@executable_path/Frameworks",
				);
				MARKETING_VERSION = 1.0;
				PRODUCT_BUNDLE_IDENTIFIER = com.reinamaccredy.lovenovel;
				SDKROOT = iphoneos;
				TARGETED_DEVICE_FAMILY = "1,2";
			};
			name = Debug;
		};
		B5ACF5CF9A1C1D6D10741199 /* Debug */ = {
			isa = XCBuildConfiguration;
			buildSettings = {
				ALWAYS_SEARCH_USER_PATHS = NO;
				ASSETCATALOG_COMPILER_GENERATE_SWIFT_ASSET_SYMBOL_EXTENSIONS = YES;
				CLANG_ANALYZER_LOCALIZABILITY_NONLOCALIZED = YES;
				CLANG_ANALYZER_NONNULL = YES;
				CLANG_ANALYZER_NUMBER_OBJECT_CONVERSION = YES_AGGRESSIVE;
				CLANG_CXX_LANGUAGE_STANDARD = "gnu++14";
				CLANG_CXX_LIBRARY = "libc++";
				CLANG_ENABLE_MODULES = YES;
				CLANG_ENABLE_OBJC_ARC = YES;
				CLANG_ENABLE_OBJC_WEAK = YES;
				CLANG_WARN_BLOCK_CAPTURE_AUTORELEASING = YES;
				CLANG_WARN_BOOL_CONVERSION = YES;
				CLANG_WARN_COMMA = YES;
				CLANG_WARN_CONSTANT_CONVERSION = YES;
				CLANG_WARN_DEPRECATED_OBJC_IMPLEMENTATIONS = YES;
				CLANG_WARN_DIRECT_OBJC_ISA_USAGE = YES_ERROR;
				CLANG_WARN_DOCUMENTATION_COMMENTS = YES;
				CLANG_WARN_EMPTY_BODY = YES;
				CLANG_WARN_ENUM_CONVERSION = YES;
				CLANG_WARN_INFINITE_RECURSION = YES;
				CLANG_WARN_INT_CONVERSION = YES;
				CLANG_WARN_NON_LITERAL_NULL_CONVERSION = YES;
				CLANG_WARN_OBJC_IMPLICIT_RETAIN_SELF = YES;
				CLANG_WARN_OBJC_LITERAL_CONVERSION = YES;
				CLANG_WARN_OBJC_ROOT_CLASS = YES_ERROR;
				CLANG_WARN_QUOTED_INCLUDE_IN_FRAMEWORK_HEADER = YES;
				CLANG_WARN_RANGE_LOOP_ANALYSIS = YES;
				CLANG_WARN_STRICT_PROTOTYPES = YES;
				CLANG_WARN_SUSPICIOUS_MOVE = YES;
				CLANG_WARN_UNGUARDED_AVAILABILITY = YES_AGGRESSIVE;
				CLANG_WARN_UNREACHABLE_CODE = YES;
				CLANG_WARN__DUPLICATE_METHOD_MATCH = YES;
				COPY_PHASE_STRIP = NO;
				DEBUG_INFORMATION_FORMAT = dwarf;
				ENABLE_STRICT_OBJC_MSGSEND = YES;
				ENABLE_TESTABILITY = YES;
				ENABLE_USER_SCRIPT_SANDBOXING = YES;
				GCC_C_LANGUAGE_STANDARD = gnu11;
				GCC_DYNAMIC_NO_PIC = NO;
				GCC_NO_COMMON_BLOCKS = YES;
				GCC_OPTIMIZATION_LEVEL = 0;
				GCC_PREPROCESSOR_DEFINITIONS = (
					"$(inherited)",
					"DEBUG=1",
				);
				GCC_WARN_64_TO_32_BIT_CONVERSION = YES;
				GCC_WARN_ABOUT_RETURN_TYPE = YES_ERROR;
				GCC_WARN_UNDECLARED_SELECTOR = YES;
				GCC_WARN_UNINITIALIZED_AUTOS = YES_AGGRESSIVE;
				GCC_WARN_UNUSED_FUNCTION = YES;
				GCC_WARN_UNUSED_VARIABLE = YES;
				IPHONEOS_DEPLOYMENT_TARGET = 26.0;
				MTL_ENABLE_DEBUG_INFO = INCLUDE_SOURCE;
				MTL_FAST_MATH = YES;
				ONLY_ACTIVE_ARCH = YES;
				PRODUCT_NAME = "$(TARGET_NAME)";
				SDKROOT = iphoneos;
				STRING_CATALOG_GENERATE_SYMBOLS = YES;
				SUPPORTS_MACCATALYST = NO;
				SWIFT_ACTIVE_COMPILATION_CONDITIONS = DEBUG;
				SWIFT_EMIT_LOC_STRINGS = NO;
				SWIFT_OPTIMIZATION_LEVEL = "-Onone";
				SWIFT_STRICT_CONCURRENCY = complete;
				SWIFT_VERSION = 6.0;
				TARGETED_DEVICE_FAMILY = 1;
			};
			name = Debug;
		};
		BBA45822881172B7EFBFAF11 /* Debug */ = {
			isa = XCBuildConfiguration;
			buildSettings = {
				BUNDLE_LOADER = "$(TEST_HOST)";
				GENERATE_INFOPLIST_FILE = NO;
				INFOPLIST_FILE = LoveNovelUITests/Info.plist;
				IPHONEOS_DEPLOYMENT_TARGET = 26.0;
				LD_RUNPATH_SEARCH_PATHS = (
					"$(inherited)",
					"@executable_path/Frameworks",
					"@loader_path/Frameworks",
				);
				PRODUCT_BUNDLE_IDENTIFIER = com.reinamaccredy.lovenovel.uitests;
				SDKROOT = iphoneos;
				TARGETED_DEVICE_FAMILY = "1,2";
				TEST_TARGET_NAME = LoveNovel;
			};
			name = Debug;
		};
		C43AA69391E7B0FCB3785014 /* Release */ = {
			isa = XCBuildConfiguration;
			buildSettings = {
				ALWAYS_SEARCH_USER_PATHS = NO;
				ASSETCATALOG_COMPILER_GENERATE_SWIFT_ASSET_SYMBOL_EXTENSIONS = YES;
				CLANG_ANALYZER_LOCALIZABILITY_NONLOCALIZED = YES;
				CLANG_ANALYZER_NONNULL = YES;
				CLANG_ANALYZER_NUMBER_OBJECT_CONVERSION = YES_AGGRESSIVE;
				CLANG_CXX_LANGUAGE_STANDARD = "gnu++14";
				CLANG_CXX_LIBRARY = "libc++";
				CLANG_ENABLE_MODULES = YES;
				CLANG_ENABLE_OBJC_ARC = YES;
				CLANG_ENABLE_OBJC_WEAK = YES;
				CLANG_WARN_BLOCK_CAPTURE_AUTORELEASING = YES;
				CLANG_WARN_BOOL_CONVERSION = YES;
				CLANG_WARN_COMMA = YES;
				CLANG_WARN_CONSTANT_CONVERSION = YES;
				CLANG_WARN_DEPRECATED_OBJC_IMPLEMENTATIONS = YES;
				CLANG_WARN_DIRECT_OBJC_ISA_USAGE = YES_ERROR;
				CLANG_WARN_DOCUMENTATION_COMMENTS = YES;
				CLANG_WARN_EMPTY_BODY = YES;
				CLANG_WARN_ENUM_CONVERSION = YES;
				CLANG_WARN_INFINITE_RECURSION = YES;
				CLANG_WARN_INT_CONVERSION = YES;
				CLANG_WARN_NON_LITERAL_NULL_CONVERSION = YES;
				CLANG_WARN_OBJC_IMPLICIT_RETAIN_SELF = YES;
				CLANG_WARN_OBJC_LITERAL_CONVERSION = YES;
				CLANG_WARN_OBJC_ROOT_CLASS = YES_ERROR;
				CLANG_WARN_QUOTED_INCLUDE_IN_FRAMEWORK_HEADER = YES;
				CLANG_WARN_RANGE_LOOP_ANALYSIS = YES;
				CLANG_WARN_STRICT_PROTOTYPES = YES;
				CLANG_WARN_SUSPICIOUS_MOVE = YES;
				CLANG_WARN_UNGUARDED_AVAILABILITY = YES_AGGRESSIVE;
				CLANG_WARN_UNREACHABLE_CODE = YES;
				CLANG_WARN__DUPLICATE_METHOD_MATCH = YES;
				COPY_PHASE_STRIP = NO;
				DEBUG_INFORMATION_FORMAT = "dwarf-with-dsym";
				ENABLE_NS_ASSERTIONS = NO;
				ENABLE_STRICT_OBJC_MSGSEND = YES;
				ENABLE_USER_SCRIPT_SANDBOXING = YES;
				GCC_C_LANGUAGE_STANDARD = gnu11;
				GCC_NO_COMMON_BLOCKS = YES;
				GCC_WARN_64_TO_32_BIT_CONVERSION = YES;
				GCC_WARN_ABOUT_RETURN_TYPE = YES_ERROR;
				GCC_WARN_UNDECLARED_SELECTOR = YES;
				GCC_WARN_UNINITIALIZED_AUTOS = YES_AGGRESSIVE;
				GCC_WARN_UNUSED_FUNCTION = YES;
				GCC_WARN_UNUSED_VARIABLE = YES;
				IPHONEOS_DEPLOYMENT_TARGET = 26.0;
				MTL_ENABLE_DEBUG_INFO = NO;
				MTL_FAST_MATH = YES;
				PRODUCT_NAME = "$(TARGET_NAME)";
				SDKROOT = iphoneos;
				STRING_CATALOG_GENERATE_SYMBOLS = YES;
				SUPPORTS_MACCATALYST = NO;
				SWIFT_COMPILATION_MODE = wholemodule;
				SWIFT_EMIT_LOC_STRINGS = NO;
				SWIFT_OPTIMIZATION_LEVEL = "-O";
				SWIFT_STRICT_CONCURRENCY = complete;
				SWIFT_VERSION = 6.0;
				TARGETED_DEVICE_FAMILY = 1;
			};
			name = Release;
		};
/* End XCBuildConfiguration section */

/* Begin XCConfigurationList section */
		14FF6848CFC8DD76D4D95F30 /* Build configuration list for PBXNativeTarget "LoveNovel" */ = {
			isa = XCConfigurationList;
			buildConfigurations = (
				B1765F3E19A820B0A0453090 /* Debug */,
				178C7C9E8C26A05A5086A735 /* Release */,
			);
			defaultConfigurationIsVisible = 0;
			defaultConfigurationName = Debug;
		};
		92C8F5EA18BA2200B911CA69 /* Build configuration list for PBXProject "LoveNovel" */ = {
			isa = XCConfigurationList;
			buildConfigurations = (
				B5ACF5CF9A1C1D6D10741199 /* Debug */,
				C43AA69391E7B0FCB3785014 /* Release */,
			);
			defaultConfigurationIsVisible = 0;
			defaultConfigurationName = Debug;
		};
		C1F2EB9CC97E926F3AE8D9A3 /* Build configuration list for PBXNativeTarget "LoveNovelTests" */ = {
			isa = XCConfigurationList;
			buildConfigurations = (
				7FDD5A9DF80C94F9A31E3A05 /* Debug */,
				6001EB39AAA1D57D6887FB95 /* Release */,
			);
			defaultConfigurationIsVisible = 0;
			defaultConfigurationName = Debug;
		};
		E1F3A91761BAB18AAAE0A6ED /* Build configuration list for PBXNativeTarget "LoveNovelUITests" */ = {
			isa = XCConfigurationList;
			buildConfigurations = (
				BBA45822881172B7EFBFAF11 /* Debug */,
				6938B01B0DDDA7C30DA96C8B /* Release */,
			);
			defaultConfigurationIsVisible = 0;
			defaultConfigurationName = Debug;
		};
/* End XCConfigurationList section */
	};
	rootObject = 6080AA3623CA21A93C9FBFF4 /* Project object */;
}
